<?xml version="1.0" encoding="utf-8"?>
<Project ToolsVersion="4.0" xmlns="http://schemas.microsoft.com/developer/msbuild/2003">
  <ItemGroup>
    <Filter Include="基础内容">
      <UniqueIdentifier>{93995380-89BD-4b04-88EB-625FBE52EBFB}</UniqueIdentifier>
      <Extensions>h;hh;hpp;hxx;h++;hm;inl;inc;ipp;xsd</Extensions>
    </Filter>
    <Filter Include="进阶内容">
      <UniqueIdentifier>{4FC737F1-C7A5-4376-A066-2A32D752A2FF}</UniqueIdentifier>
      <Extensions>cpp;c;cc;cxx;c++;cppm;ixx;def;odl;idl;hpj;bat;asm;asmx</Extensions>
    </Filter>
    <Filter Include="课程多文件相关文件">
      <UniqueIdentifier>{67DA6AB6-F800-4c08-8B7A-83BB121AAD01}</UniqueIdentifier>
      <Extensions>rc;ico;cur;bmp;dlg;rc2;rct;bin;rgs;gif;jpg;jpeg;jpe;resx;tiff;tif;png;wav;mfcribbon-ms</Extensions>
    </Filter>
  </ItemGroup>
  <ItemGroup>
    <ClCompile Include="1.9.2malloc函数介绍.c">
      <Filter>基础内容</Filter>
    </ClCompile>
    <ClCompile Include="1.9.3size_t详解.c">
      <Filter>基础内容</Filter>
    </ClCompile>
    <ClCompile Include="1.9.1栈区变量分析.c">
      <Filter>基础内容</Filter>
    </ClCompile>
    <ClCompile Include="1.9.7free释放空间.c">
      <Filter>基础内容</Filter>
    </ClCompile>
    <ClCompile Include="1.9.8free注意点.c">
      <Filter>基础内容</Filter>
    </ClCompile>
    <ClCompile Include="1.9.9malloc一维数组.c">
      <Filter>基础内容</Filter>
    </ClCompile>
    <ClCompile Include="1.9.Amalloc与一维二维数组指针.c">
      <Filter>基础内容</Filter>
    </ClCompile>
    <ClCompile Include="1.9.Bcalloc函数介绍.c">
      <Filter>基础内容</Filter>
    </ClCompile>
    <ClCompile Include="1.9.Crealloc函数介绍.c">
      <Filter>基础内容</Filter>
    </ClCompile>
    <ClCompile Include="1.9.Dmalloc与calloc的选择.c">
      <Filter>基础内容</Filter>
    </ClCompile>
    <ClCompile Include="2.10.1函数的概念以及意义.c">
      <Filter>基础内容</Filter>
    </ClCompile>
    <ClCompile Include="2.10.2函数的作用之代码重复性.c">
      <Filter>基础内容</Filter>
    </ClCompile>
    <ClCompile Include="2.10.3代码的可读性以及函数的执行过程.c">
      <Filter>基础内容</Filter>
    </ClCompile>
    <ClCompile Include="2.10.4无参数无返回值函数.c">
      <Filter>基础内容</Filter>
    </ClCompile>
    <ClCompile Include="2.10.5函数名命名注意点.c">
      <Filter>基础内容</Filter>
    </ClCompile>
    <ClCompile Include="2.10.6函数的参数列表和函数体.c">
      <Filter>基础内容</Filter>
    </ClCompile>
    <ClCompile Include="2.10.7函数调用.c">
      <Filter>基础内容</Filter>
    </ClCompile>
    <ClCompile Include="2.10.8函数调用本质.c">
      <Filter>基础内容</Filter>
    </ClCompile>
    <ClCompile Include="2.10.9函数声明.c">
      <Filter>基础内容</Filter>
    </ClCompile>
    <ClCompile Include="2.10.A函数使用时候注意点.c">
      <Filter>基础内容</Filter>
    </ClCompile>
    <ClCompile Include="0.0.1书写程序的七个步骤.c">
      <Filter>基础内容</Filter>
    </ClCompile>
    <ClCompile Include="2.10.B无参数有返回值的函数.c">
      <Filter>基础内容</Filter>
    </ClCompile>
    <ClCompile Include="2.10.Creturn详解.c">
      <Filter>基础内容</Filter>
    </ClCompile>
    <ClCompile Include="2.10.Dreturn返回多个值.c">
      <Filter>基础内容</Filter>
    </ClCompile>
    <ClCompile Include="2.10.E有参数无返回值函数.c">
      <Filter>基础内容</Filter>
    </ClCompile>
    <ClCompile Include="2.10.F有参数的函数原型.c">
      <Filter>基础内容</Filter>
    </ClCompile>
    <ClCompile Include="2.10.G通过参数修改外部的值.c">
      <Filter>基础内容</Filter>
    </ClCompile>
    <ClCompile Include="2.10.H通过参数修改指针的指向.c">
      <Filter>基础内容</Filter>
    </ClCompile>
    <ClCompile Include="2.10.K交换两个变量的值.c">
      <Filter>基础内容</Filter>
    </ClCompile>
    <ClCompile Include="2.10.M一维数组做参数.c">
      <Filter>基础内容</Filter>
    </ClCompile>
    <ClCompile Include="2.10.N二维数组做参数.c">
      <Filter>基础内容</Filter>
    </ClCompile>
    <ClCompile Include="2.10.O有参数有返回值的函数.c">
      <Filter>基础内容</Filter>
    </ClCompile>
    <ClCompile Include="2.10.P函数地址.c">
      <Filter>基础内容</Filter>
    </ClCompile>
    <ClCompile Include="2.10.Q递归函数对比循环（理解一）.c">
      <Filter>基础内容</Filter>
    </ClCompile>
    <ClCompile Include="3.1.0【递归函数进阶】.cpp">
      <Filter>进阶内容</Filter>
    </ClCompile>
    <ClCompile Include="2.10.R递归函数的展开（理解二）.c">
      <Filter>基础内容</Filter>
    </ClCompile>
    <ClCompile Include="2.10.S递归函数的通项公式（理解三）.c">
      <Filter>基础内容</Filter>
    </ClCompile>
    <ClCompile Include="2.10.V递归的优缺点.c">
      <Filter>基础内容</Filter>
    </ClCompile>
    <ClCompile Include="2.10.W参数个数不确定的函数.c">
      <Filter>基础内容</Filter>
    </ClCompile>
    <ClCompile Include="2.11.1字符介绍.c">
      <Filter>基础内容</Filter>
    </ClCompile>
    <ClCompile Include="2.11.2字符变量的定义.c">
      <Filter>基础内容</Filter>
    </ClCompile>
    <ClCompile Include="2.11.3char的大小.c">
      <Filter>基础内容</Filter>
    </ClCompile>
    <ClCompile Include="2.11.4输入缓冲区与scanf.c">
      <Filter>基础内容</Filter>
    </ClCompile>
    <ClCompile Include="2.11.5字符输入scanf.c">
      <Filter>基础内容</Filter>
    </ClCompile>
    <ClCompile Include="2.11.6scanf_s、getchar与_getch.c">
      <Filter>基础内容</Filter>
    </ClCompile>
    <ClCompile Include="2.11.7大小写字母转换.c">
      <Filter>基础内容</Filter>
    </ClCompile>
    <ClCompile Include="2.11.8字符数组.c">
      <Filter>基础内容</Filter>
    </ClCompile>
    <ClCompile Include="2.11.9字符串及其输出.c">
      <Filter>基础内容</Filter>
    </ClCompile>
    <ClCompile Include="2.11.A常量字符串.c">
      <Filter>基础内容</Filter>
    </ClCompile>
    <ClCompile Include="2.11.B字符数组初始化.c">
      <Filter>基础内容</Filter>
    </ClCompile>
    <ClCompile Include="2.11.C字符数组赋值.c">
      <Filter>基础内容</Filter>
    </ClCompile>
    <ClCompile Include="2.11.D字符串操作函数.c">
      <Filter>基础内容</Filter>
    </ClCompile>
    <ClCompile Include="2.11.E字符串的输入.c">
      <Filter>基础内容</Filter>
    </ClCompile>
    <ClCompile Include="2.11.F汉字与字符.c">
      <Filter>基础内容</Filter>
    </ClCompile>
    <ClCompile Include="2.11.Gstrlen与strcmp.c">
      <Filter>基础内容</Filter>
    </ClCompile>
    <ClCompile Include="2.11.H更多字符串操作函数.c">
      <Filter>基础内容</Filter>
    </ClCompile>
    <ClCompile Include="2.11.M转义字符和转换说明符.c">
      <Filter>基础内容</Filter>
    </ClCompile>
    <ClCompile Include="2.11.N字符串数组与二维字符数组.c">
      <Filter>基础内容</Filter>
    </ClCompile>
    <ClCompile Include="2.12.1声明结构体.c">
      <Filter>基础内容</Filter>
    </ClCompile>
    <ClCompile Include="2.12.2结构体变量的声明与定义.c">
      <Filter>基础内容</Filter>
    </ClCompile>
    <ClCompile Include="2.12.3结构体成员运算符.c">
      <Filter>基础内容</Filter>
    </ClCompile>
    <ClCompile Include="2.12.4结构体成员赋值.c">
      <Filter>基础内容</Filter>
    </ClCompile>
    <ClCompile Include="2.12.5指针成员与函数成员.c">
      <Filter>基础内容</Filter>
    </ClCompile>
    <ClCompile Include="2.12.6结构体嵌套.c">
      <Filter>基础内容</Filter>
    </ClCompile>
    <ClCompile Include="2.12.7结构体数组.c">
      <Filter>基础内容</Filter>
    </ClCompile>
    <ClCompile Include="2.12.8内存对齐.c">
      <Filter>基础内容</Filter>
    </ClCompile>
    <ClCompile Include="2.12.9结构体大小计算规则.c">
      <Filter>基础内容</Filter>
    </ClCompile>
    <ClCompile Include="2.12.A联合union.c">
      <Filter>基础内容</Filter>
    </ClCompile>
    <ClCompile Include="2.12.Bunion成员的内存模型以及联合的大小.c">
      <Filter>基础内容</Filter>
    </ClCompile>
    <ClCompile Include="2.12.C枚举的声明与意义.c">
      <Filter>基础内容</Filter>
    </ClCompile>
    <ClCompile Include="2.12.D枚举的大小.c">
      <Filter>基础内容</Filter>
    </ClCompile>
    <ClCompile Include="2.13.1隐式类型转换简介.c">
      <Filter>基础内容</Filter>
    </ClCompile>
    <ClCompile Include="2.13.2隐式类型转换注意点.c">
      <Filter>基础内容</Filter>
    </ClCompile>
    <ClCompile Include="2.13.3显式类型转换简介.c">
      <Filter>基础内容</Filter>
    </ClCompile>
    <ClCompile Include="2.13.4指针的强制类型转换.c">
      <Filter>基础内容</Filter>
    </ClCompile>
    <ClCompile Include="2.13.5大小端存储的区别.c">
      <Filter>基础内容</Filter>
    </ClCompile>
    <ClCompile Include="2.13.6typedef.c">
      <Filter>基础内容</Filter>
    </ClCompile>
    <ClCompile Include="2.13.7宏define简介.c">
      <Filter>基础内容</Filter>
    </ClCompile>
    <ClCompile Include="2.13.8表达式宏的注意点.c">
      <Filter>基础内容</Filter>
    </ClCompile>
    <ClCompile Include="2.13.9参数宏的使用方法.c">
      <Filter>基础内容</Filter>
    </ClCompile>
    <ClCompile Include="2.13.A宏的几个指示符.c">
      <Filter>基础内容</Filter>
    </ClCompile>
    <ClCompile Include="2.14.1多文件的形式及其作用.c">
      <Filter>基础内容</Filter>
    </ClCompile>
    <ClCompile Include="2.14.2include的作用.c">
      <Filter>基础内容</Filter>
    </ClCompile>
    <ClCompile Include="2.14.3函数调用的过程.c">
      <Filter>基础内容</Filter>
    </ClCompile>
    <ClCompile Include="2.14.1多文件源代码p1.c">
      <Filter>课程多文件相关文件</Filter>
    </ClCompile>
    <ClCompile Include="2.14.1多文件源代码p1.h">
      <Filter>课程多文件相关文件</Filter>
    </ClCompile>
    <ClCompile Include="2.14.4双引号与尖引号的区别.c">
      <Filter>基础内容</Filter>
    </ClCompile>
    <ClCompile Include="2.14.5相对路径与绝对路径.c">
      <Filter>基础内容</Filter>
    </ClCompile>
    <ClCompile Include="0.0.0-【课程内容来源为C3程序猿】.cpp">
      <Filter>基础内容</Filter>
    </ClCompile>
    <ClCompile Include="1.1.0-【一个简单的输出程序】.cpp">
      <Filter>基础内容</Filter>
    </ClCompile>
    <ClCompile Include="1.2.0-【数据类型的学习】.cpp">
      <Filter>基础内容</Filter>
    </ClCompile>
    <ClCompile Include="1.3.0-【浮点型的基本知识点】.cpp">
      <Filter>基础内容</Filter>
    </ClCompile>
    <ClCompile Include="1.4.0-【运算符基础】.cpp">
      <Filter>基础内容</Filter>
    </ClCompile>
    <ClCompile Include="1.5.0-【循环】.cpp">
      <Filter>基础内容</Filter>
    </ClCompile>
    <ClCompile Include="1.6.0-【选择判断】.cpp">
      <Filter>基础内容</Filter>
    </ClCompile>
    <ClCompile Include="1.7.0-【数组】.cpp">
      <Filter>基础内容</Filter>
    </ClCompile>
    <ClCompile Include="1.8.0-【指针】.cpp">
      <Filter>基础内容</Filter>
    </ClCompile>
    <ClCompile Include="1.9.0-【堆区空间申请】.cpp">
      <Filter>基础内容</Filter>
    </ClCompile>
    <ClCompile Include="2.10.0-【函数】.cpp">
      <Filter>基础内容</Filter>
    </ClCompile>
    <ClCompile Include="2.11.0-【字符与字符串】.cpp">
      <Filter>基础内容</Filter>
    </ClCompile>
    <ClCompile Include="2.12.0-【结构体】.cpp">
      <Filter>基础内容</Filter>
    </ClCompile>
    <ClCompile Include="2.13.0-【内存管理】.cpp">
      <Filter>基础内容</Filter>
    </ClCompile>
    <ClCompile Include="2.14.0-【多文件】.cpp">
      <Filter>基础内容</Filter>
    </ClCompile>
    <ClCompile Include="2.15.0-【位运算】.cpp">
      <Filter>基础内容</Filter>
    </ClCompile>
    <ClCompile Include="2.16.0-【文件操作】.cpp">
      <Filter>基础内容</Filter>
    </ClCompile>
  </ItemGroup>
  <ItemGroup>
    <None Include="1.9.4malloc申请空间的讨论.c">
      <Filter>基础内容</Filter>
    </None>
    <None Include="1.9.5malloc空间赋值.c">
      <Filter>基础内容</Filter>
    </None>
    <None Include="1.9.6malloc注意点.c">
      <Filter>基础内容</Filter>
    </None>
  </ItemGroup>
</Project>